
Microsoft Visual Studio Solution File, Format Version 12.00
# Visual Studio Version 17
VisualStudioVersion = 17.5.33502.453
MinimumVisualStudioVersion = 10.0.40219.1
Project("{FAE04EC0-301F-11D3-BF4B-00C04F79EFBC}") = "ConsoleApp101", "ConsoleApp101\ConsoleApp101.csproj", "{CED49BD5-FB48-43DD-BD7D-E80594F888CD}"
EndProject
Global
	GlobalSection(SolutionConfigurationPlatforms) = preSolution
		Debug|Any CPU = Debug|Any CPU
		Release|Any CPU = Release|Any CPU
	EndGlobalSection
	GlobalSection(ProjectConfigurationPlatforms) = postSolution
		{CED49BD5-FB48-43DD-BD7D-E80594F888CD}.Debug|Any CPU.ActiveCfg = Debug|Any CPU
		{CED49BD5-FB48-43DD-BD7D-E80594F888CD}.Debug|Any CPU.Build.0 = Debug|Any CPU
		{CED49BD5-FB48-43DD-BD7D-E80594F888CD}.Release|Any CPU.ActiveCfg = Release|Any CPU
		{CED49BD5-FB48-43DD-BD7D-E80594F888CD}.Release|Any CPU.Build.0 = Release|Any CPU
	EndGlobalSection
	GlobalSection(SolutionProperties) = preSolution
		HideSolutionNode = FALSE
	EndGlobalSection
	GlobalSection(ExtensibilityGlobals) = postSolution
		SolutionGuid = {DC87AD31-3AD6-451A-B944-9F85A16F1FA5}
	EndGlobalSection
EndGlobal
